
Microsoft Visual Studio Solution File, Format Version 12.00
# Visual Studio 15
VisualStudioVersion = 15.0.26124.0
MinimumVisualStudioVersion = 15.0.26124.0
Project("{FAE04EC0-301F-11D3-BF4B-00C04F79EFBC}") = "Chemistry.NET", "Chemistry.NET\Chemistry.NET.csproj", "{50C5ACDC-BE19-4DBD-A10C-EC378A04B8A1}"
EndProject
Project("{2150E333-8FDC-42A3-9474-1A3956D46DE8}") = "Tools", "Tools", "{8F2E640D-5BC5-4998-A7B1-11B01EF6B60E}"
EndProject
Project("{FAE04EC0-301F-11D3-BF4B-00C04F79EFBC}") = "Chemistry.NET.Tools.CommonCompoundsGenerator", "Tools\Chemistry.NET.Tools.CommonCompoundsGenerator\Chemistry.NET.Tools.CommonCompoundsGenerator.csproj", "{C1B5F2E2-60D9-4387-B45E-C00F68AC628E}"
EndProject
Project("{FAE04EC0-301F-11D3-BF4B-00C04F79EFBC}") = "Chemistry.NET.Tools.ElementsGenerator", "Tools\Chemistry.NET.Tools.ElementsGenerator\Chemistry.NET.Tools.ElementsGenerator.csproj", "{2D4D882F-F4BA-433B-B9A8-B34670FBBA65}"
EndProject
Project("{FAE04EC0-301F-11D3-BF4B-00C04F79EFBC}") = "Chemistry.NET.Tools.ElementStructureGenerator", "Tools\Chemistry.NET.Tools.ElementStructureGenerator\Chemistry.NET.Tools.ElementStructureGenerator.csproj", "{3642E992-D4FF-41AB-A37A-F95D2E465E91}"
EndProject
Project("{FAE04EC0-301F-11D3-BF4B-00C04F79EFBC}") = "Chemistry.NET.Tools.IonsGenerator", "Tools\Chemistry.NET.Tools.IonsGenerator\Chemistry.NET.Tools.IonsGenerator.csproj", "{74CACB33-10DA-4ACC-8314-8B4319F2B03D}"
EndProject
Project("{FAE04EC0-301F-11D3-BF4B-00C04F79EFBC}") = "Chemistry.NET.Tools.IsotopesGenerator", "Tools\Chemistry.NET.Tools.IsotopesGenerator\Chemistry.NET.Tools.IsotopesGenerator.csproj", "{9CECDDD8-848B-4FA0-829B-37857C326183}"
EndProject
Project("{FAE04EC0-301F-11D3-BF4B-00C04F79EFBC}") = "Chemistry.NET.Tools.Common", "Tools\Chemistry.NET.Tools.Common\Chemistry.NET.Tools.Common.csproj", "{5921C4A8-210C-4769-A574-6E5078D5B308}"
EndProject
Project("{2150E333-8FDC-42A3-9474-1A3956D46DE8}") = "Tests", "Tests", "{8EAC3BD4-2148-4214-9FD8-4704288FD5E9}"
EndProject
Project("{FAE04EC0-301F-11D3-BF4B-00C04F79EFBC}") = "Chemistry.NET.Tests", "Tests\Chemistry.NET.Tests\Chemistry.NET.Tests.csproj", "{D1D20430-1205-4700-AFA4-71F58C855E83}"
EndProject
Project("{FAE04EC0-301F-11D3-BF4B-00C04F79EFBC}") = "Chemistry.NET.Tools.CHeaderGenerator", "Tools\Chemistry.NET.Tools.CHeaderGenerator\Chemistry.NET.Tools.CHeaderGenerator.csproj", "{9122A4F6-F3B3-43FD-B658-41D7ED4FA649}"
EndProject
Global
	GlobalSection(SolutionConfigurationPlatforms) = preSolution
		Debug|Any CPU = Debug|Any CPU
		Debug|x64 = Debug|x64
		Debug|x86 = Debug|x86
		Release|Any CPU = Release|Any CPU
		Release|x64 = Release|x64
		Release|x86 = Release|x86
	EndGlobalSection
	GlobalSection(SolutionProperties) = preSolution
		HideSolutionNode = FALSE
	EndGlobalSection
	GlobalSection(ProjectConfigurationPlatforms) = postSolution
		{50C5ACDC-BE19-4DBD-A10C-EC378A04B8A1}.Debug|Any CPU.ActiveCfg = Debug|Any CPU
		{50C5ACDC-BE19-4DBD-A10C-EC378A04B8A1}.Debug|Any CPU.Build.0 = Debug|Any CPU
		{50C5ACDC-BE19-4DBD-A10C-EC378A04B8A1}.Debug|x64.ActiveCfg = Debug|Any CPU
		{50C5ACDC-BE19-4DBD-A10C-EC378A04B8A1}.Debug|x64.Build.0 = Debug|Any CPU
		{50C5ACDC-BE19-4DBD-A10C-EC378A04B8A1}.Debug|x86.ActiveCfg = Debug|Any CPU
		{50C5ACDC-BE19-4DBD-A10C-EC378A04B8A1}.Debug|x86.Build.0 = Debug|Any CPU
		{50C5ACDC-BE19-4DBD-A10C-EC378A04B8A1}.Release|Any CPU.ActiveCfg = Release|Any CPU
		{50C5ACDC-BE19-4DBD-A10C-EC378A04B8A1}.Release|Any CPU.Build.0 = Release|Any CPU
		{50C5ACDC-BE19-4DBD-A10C-EC378A04B8A1}.Release|x64.ActiveCfg = Release|Any CPU
		{50C5ACDC-BE19-4DBD-A10C-EC378A04B8A1}.Release|x64.Build.0 = Release|Any CPU
		{50C5ACDC-BE19-4DBD-A10C-EC378A04B8A1}.Release|x86.ActiveCfg = Release|Any CPU
		{50C5ACDC-BE19-4DBD-A10C-EC378A04B8A1}.Release|x86.Build.0 = Release|Any CPU
		{C1B5F2E2-60D9-4387-B45E-C00F68AC628E}.Debug|Any CPU.ActiveCfg = Debug|Any CPU
		{C1B5F2E2-60D9-4387-B45E-C00F68AC628E}.Debug|Any CPU.Build.0 = Debug|Any CPU
		{C1B5F2E2-60D9-4387-B45E-C00F68AC628E}.Debug|x64.ActiveCfg = Debug|Any CPU
		{C1B5F2E2-60D9-4387-B45E-C00F68AC628E}.Debug|x64.Build.0 = Debug|Any CPU
		{C1B5F2E2-60D9-4387-B45E-C00F68AC628E}.Debug|x86.ActiveCfg = Debug|Any CPU
		{C1B5F2E2-60D9-4387-B45E-C00F68AC628E}.Debug|x86.Build.0 = Debug|Any CPU
		{C1B5F2E2-60D9-4387-B45E-C00F68AC628E}.Release|Any CPU.ActiveCfg = Release|Any CPU
		{C1B5F2E2-60D9-4387-B45E-C00F68AC628E}.Release|Any CPU.Build.0 = Release|Any CPU
		{C1B5F2E2-60D9-4387-B45E-C00F68AC628E}.Release|x64.ActiveCfg = Release|Any CPU
		{C1B5F2E2-60D9-4387-B45E-C00F68AC628E}.Release|x64.Build.0 = Release|Any CPU
		{C1B5F2E2-60D9-4387-B45E-C00F68AC628E}.Release|x86.ActiveCfg = Release|Any CPU
		{C1B5F2E2-60D9-4387-B45E-C00F68AC628E}.Release|x86.Build.0 = Release|Any CPU
		{2D4D882F-F4BA-433B-B9A8-B34670FBBA65}.Debug|Any CPU.ActiveCfg = Debug|Any CPU
		{2D4D882F-F4BA-433B-B9A8-B34670FBBA65}.Debug|Any CPU.Build.0 = Debug|Any CPU
		{2D4D882F-F4BA-433B-B9A8-B34670FBBA65}.Debug|x64.ActiveCfg = Debug|Any CPU
		{2D4D882F-F4BA-433B-B9A8-B34670FBBA65}.Debug|x64.Build.0 = Debug|Any CPU
		{2D4D882F-F4BA-433B-B9A8-B34670FBBA65}.Debug|x86.ActiveCfg = Debug|Any CPU
		{2D4D882F-F4BA-433B-B9A8-B34670FBBA65}.Debug|x86.Build.0 = Debug|Any CPU
		{2D4D882F-F4BA-433B-B9A8-B34670FBBA65}.Release|Any CPU.ActiveCfg = Release|Any CPU
		{2D4D882F-F4BA-433B-B9A8-B34670FBBA65}.Release|Any CPU.Build.0 = Release|Any CPU
		{2D4D882F-F4BA-433B-B9A8-B34670FBBA65}.Release|x64.ActiveCfg = Release|Any CPU
		{2D4D882F-F4BA-433B-B9A8-B34670FBBA65}.Release|x64.Build.0 = Release|Any CPU
		{2D4D882F-F4BA-433B-B9A8-B34670FBBA65}.Release|x86.ActiveCfg = Release|Any CPU
		{2D4D882F-F4BA-433B-B9A8-B34670FBBA65}.Release|x86.Build.0 = Release|Any CPU
		{3642E992-D4FF-41AB-A37A-F95D2E465E91}.Debug|Any CPU.ActiveCfg = Debug|Any CPU
		{3642E992-D4FF-41AB-A37A-F95D2E465E91}.Debug|Any CPU.Build.0 = Debug|Any CPU
		{3642E992-D4FF-41AB-A37A-F95D2E465E91}.Debug|x64.ActiveCfg = Debug|Any CPU
		{3642E992-D4FF-41AB-A37A-F95D2E465E91}.Debug|x64.Build.0 = Debug|Any CPU
		{3642E992-D4FF-41AB-A37A-F95D2E465E91}.Debug|x86.ActiveCfg = Debug|Any CPU
		{3642E992-D4FF-41AB-A37A-F95D2E465E91}.Debug|x86.Build.0 = Debug|Any CPU
		{3642E992-D4FF-41AB-A37A-F95D2E465E91}.Release|Any CPU.ActiveCfg = Release|Any CPU
		{3642E992-D4FF-41AB-A37A-F95D2E465E91}.Release|Any CPU.Build.0 = Release|Any CPU
		{3642E992-D4FF-41AB-A37A-F95D2E465E91}.Release|x64.ActiveCfg = Release|Any CPU
		{3642E992-D4FF-41AB-A37A-F95D2E465E91}.Release|x64.Build.0 = Release|Any CPU
		{3642E992-D4FF-41AB-A37A-F95D2E465E91}.Release|x86.ActiveCfg = Release|Any CPU
		{3642E992-D4FF-41AB-A37A-F95D2E465E91}.Release|x86.Build.0 = Release|Any CPU
		{74CACB33-10DA-4ACC-8314-8B4319F2B03D}.Debug|Any CPU.ActiveCfg = Debug|Any CPU
		{74CACB33-10DA-4ACC-8314-8B4319F2B03D}.Debug|Any CPU.Build.0 = Debug|Any CPU
		{74CACB33-10DA-4ACC-8314-8B4319F2B03D}.Debug|x64.ActiveCfg = Debug|Any CPU
		{74CACB33-10DA-4ACC-8314-8B4319F2B03D}.Debug|x64.Build.0 = Debug|Any CPU
		{74CACB33-10DA-4ACC-8314-8B4319F2B03D}.Debug|x86.ActiveCfg = Debug|Any CPU
		{74CACB33-10DA-4ACC-8314-8B4319F2B03D}.Debug|x86.Build.0 = Debug|Any CPU
		{74CACB33-10DA-4ACC-8314-8B4319F2B03D}.Release|Any CPU.ActiveCfg = Release|Any CPU
		{74CACB33-10DA-4ACC-8314-8B4319F2B03D}.Release|Any CPU.Build.0 = Release|Any CPU
		{74CACB33-10DA-4ACC-8314-8B4319F2B03D}.Release|x64.ActiveCfg = Release|Any CPU
		{74CACB33-10DA-4ACC-8314-8B4319F2B03D}.Release|x64.Build.0 = Release|Any CPU
		{74CACB33-10DA-4ACC-8314-8B4319F2B03D}.Release|x86.ActiveCfg = Release|Any CPU
		{74CACB33-10DA-4ACC-8314-8B4319F2B03D}.Release|x86.Build.0 = Release|Any CPU
		{9CECDDD8-848B-4FA0-829B-37857C326183}.Debug|Any CPU.ActiveCfg = Debug|Any CPU
		{9CECDDD8-848B-4FA0-829B-37857C326183}.Debug|Any CPU.Build.0 = Debug|Any CPU
		{9CECDDD8-848B-4FA0-829B-37857C326183}.Debug|x64.ActiveCfg = Debug|Any CPU
		{9CECDDD8-848B-4FA0-829B-37857C326183}.Debug|x64.Build.0 = Debug|Any CPU
		{9CECDDD8-848B-4FA0-829B-37857C326183}.Debug|x86.ActiveCfg = Debug|Any CPU
		{9CECDDD8-848B-4FA0-829B-37857C326183}.Debug|x86.Build.0 = Debug|Any CPU
		{9CECDDD8-848B-4FA0-829B-37857C326183}.Release|Any CPU.ActiveCfg = Release|Any CPU
		{9CECDDD8-848B-4FA0-829B-37857C326183}.Release|Any CPU.Build.0 = Release|Any CPU
		{9CECDDD8-848B-4FA0-829B-37857C326183}.Release|x64.ActiveCfg = Release|Any CPU
		{9CECDDD8-848B-4FA0-829B-37857C326183}.Release|x64.Build.0 = Release|Any CPU
		{9CECDDD8-848B-4FA0-829B-37857C326183}.Release|x86.ActiveCfg = Release|Any CPU
		{9CECDDD8-848B-4FA0-829B-37857C326183}.Release|x86.Build.0 = Release|Any CPU
		{5921C4A8-210C-4769-A574-6E5078D5B308}.Debug|Any CPU.ActiveCfg = Debug|Any CPU
		{5921C4A8-210C-4769-A574-6E5078D5B308}.Debug|Any CPU.Build.0 = Debug|Any CPU
		{5921C4A8-210C-4769-A574-6E5078D5B308}.Debug|x64.ActiveCfg = Debug|Any CPU
		{5921C4A8-210C-4769-A574-6E5078D5B308}.Debug|x64.Build.0 = Debug|Any CPU
		{5921C4A8-210C-4769-A574-6E5078D5B308}.Debug|x86.ActiveCfg = Debug|Any CPU
		{5921C4A8-210C-4769-A574-6E5078D5B308}.Debug|x86.Build.0 = Debug|Any CPU
		{5921C4A8-210C-4769-A574-6E5078D5B308}.Release|Any CPU.ActiveCfg = Release|Any CPU
		{5921C4A8-210C-4769-A574-6E5078D5B308}.Release|Any CPU.Build.0 = Release|Any CPU
		{5921C4A8-210C-4769-A574-6E5078D5B308}.Release|x64.ActiveCfg = Release|Any CPU
		{5921C4A8-210C-4769-A574-6E5078D5B308}.Release|x64.Build.0 = Release|Any CPU
		{5921C4A8-210C-4769-A574-6E5078D5B308}.Release|x86.ActiveCfg = Release|Any CPU
		{5921C4A8-210C-4769-A574-6E5078D5B308}.Release|x86.Build.0 = Release|Any CPU
		{D1D20430-1205-4700-AFA4-71F58C855E83}.Debug|Any CPU.ActiveCfg = Debug|Any CPU
		{D1D20430-1205-4700-AFA4-71F58C855E83}.Debug|Any CPU.Build.0 = Debug|Any CPU
		{D1D20430-1205-4700-AFA4-71F58C855E83}.Debug|x64.ActiveCfg = Debug|Any CPU
		{D1D20430-1205-4700-AFA4-71F58C855E83}.Debug|x64.Build.0 = Debug|Any CPU
		{D1D20430-1205-4700-AFA4-71F58C855E83}.Debug|x86.ActiveCfg = Debug|Any CPU
		{D1D20430-1205-4700-AFA4-71F58C855E83}.Debug|x86.Build.0 = Debug|Any CPU
		{D1D20430-1205-4700-AFA4-71F58C855E83}.Release|Any CPU.ActiveCfg = Release|Any CPU
		{D1D20430-1205-4700-AFA4-71F58C855E83}.Release|Any CPU.Build.0 = Release|Any CPU
		{D1D20430-1205-4700-AFA4-71F58C855E83}.Release|x64.ActiveCfg = Release|Any CPU
		{D1D20430-1205-4700-AFA4-71F58C855E83}.Release|x64.Build.0 = Release|Any CPU
		{D1D20430-1205-4700-AFA4-71F58C855E83}.Release|x86.ActiveCfg = Release|Any CPU
		{D1D20430-1205-4700-AFA4-71F58C855E83}.Release|x86.Build.0 = Release|Any CPU
		{9122A4F6-F3B3-43FD-B658-41D7ED4FA649}.Debug|Any CPU.ActiveCfg = Debug|Any CPU
		{9122A4F6-F3B3-43FD-B658-41D7ED4FA649}.Debug|Any CPU.Build.0 = Debug|Any CPU
		{9122A4F6-F3B3-43FD-B658-41D7ED4FA649}.Debug|x64.ActiveCfg = Debug|Any CPU
		{9122A4F6-F3B3-43FD-B658-41D7ED4FA649}.Debug|x64.Build.0 = Debug|Any CPU
		{9122A4F6-F3B3-43FD-B658-41D7ED4FA649}.Debug|x86.ActiveCfg = Debug|Any CPU
		{9122A4F6-F3B3-43FD-B658-41D7ED4FA649}.Debug|x86.Build.0 = Debug|Any CPU
		{9122A4F6-F3B3-43FD-B658-41D7ED4FA649}.Release|Any CPU.ActiveCfg = Release|Any CPU
		{9122A4F6-F3B3-43FD-B658-41D7ED4FA649}.Release|Any CPU.Build.0 = Release|Any CPU
		{9122A4F6-F3B3-43FD-B658-41D7ED4FA649}.Release|x64.ActiveCfg = Release|Any CPU
		{9122A4F6-F3B3-43FD-B658-41D7ED4FA649}.Release|x64.Build.0 = Release|Any CPU
		{9122A4F6-F3B3-43FD-B658-41D7ED4FA649}.Release|x86.ActiveCfg = Release|Any CPU
		{9122A4F6-F3B3-43FD-B658-41D7ED4FA649}.Release|x86.Build.0 = Release|Any CPU
	EndGlobalSection
	GlobalSection(NestedProjects) = preSolution
		{C1B5F2E2-60D9-4387-B45E-C00F68AC628E} = {8F2E640D-5BC5-4998-A7B1-11B01EF6B60E}
		{2D4D882F-F4BA-433B-B9A8-B34670FBBA65} = {8F2E640D-5BC5-4998-A7B1-11B01EF6B60E}
		{3642E992-D4FF-41AB-A37A-F95D2E465E91} = {8F2E640D-5BC5-4998-A7B1-11B01EF6B60E}
		{74CACB33-10DA-4ACC-8314-8B4319F2B03D} = {8F2E640D-5BC5-4998-A7B1-11B01EF6B60E}
		{9CECDDD8-848B-4FA0-829B-37857C326183} = {8F2E640D-5BC5-4998-A7B1-11B01EF6B60E}
		{5921C4A8-210C-4769-A574-6E5078D5B308} = {8F2E640D-5BC5-4998-A7B1-11B01EF6B60E}
		{D1D20430-1205-4700-AFA4-71F58C855E83} = {8EAC3BD4-2148-4214-9FD8-4704288FD5E9}
		{9122A4F6-F3B3-43FD-B658-41D7ED4FA649} = {8F2E640D-5BC5-4998-A7B1-11B01EF6B60E}
	EndGlobalSection
EndGlobal
